
Microsoft Visual Studio Solution File, Format Version 12.00
# Visual Studio Version 16
VisualStudioVersion = 16.0.29905.134
MinimumVisualStudioVersion = 10.0.40219.1
Project("{9A19103F-16F7-4668-BE54-9A1E7A4F7556}") = "BillCollector", "BillCollector\BillCollector.csproj", "{C60AA15E-EAC5-4ACB-9223-EFDF52357F72}"
EndProject
Project("{9A19103F-16F7-4668-BE54-9A1E7A4F7556}") = "GoodInfo", "GoodInfo\GoodInfo.csproj", "{3F65829D-31B0-458C-BF33-E33CDE4D2910}"
EndProject
Project("{9A19103F-16F7-4668-BE54-9A1E7A4F7556}") = "DataBaseContext", "DataBaseContext\DataBaseContext.csproj", "{F555ABEA-44AF-4F64-BCA7-796B48B9A1F4}"
EndProject
Project("{9A19103F-16F7-4668-BE54-9A1E7A4F7556}") = "CashRegister", "CashRegister\CashRegister.csproj", "{1BBDDA5D-D46B-4E90-962E-5F4890E481C0}"
EndProject
Project("{9A19103F-16F7-4668-BE54-9A1E7A4F7556}") = "DiagramControls", "DiagramControls\DiagramControls.csproj", "{ACB94884-888F-48ED-BE23-E31B7016821D}"
EndProject
Global
	GlobalSection(SolutionConfigurationPlatforms) = preSolution
		Debug|Any CPU = Debug|Any CPU
		Release|Any CPU = Release|Any CPU
	EndGlobalSection
	GlobalSection(ProjectConfigurationPlatforms) = postSolution
		{C60AA15E-EAC5-4ACB-9223-EFDF52357F72}.Debug|Any CPU.ActiveCfg = Debug|Any CPU
		{C60AA15E-EAC5-4ACB-9223-EFDF52357F72}.Debug|Any CPU.Build.0 = Debug|Any CPU
		{C60AA15E-EAC5-4ACB-9223-EFDF52357F72}.Release|Any CPU.ActiveCfg = Release|Any CPU
		{C60AA15E-EAC5-4ACB-9223-EFDF52357F72}.Release|Any CPU.Build.0 = Release|Any CPU
		{3F65829D-31B0-458C-BF33-E33CDE4D2910}.Debug|Any CPU.ActiveCfg = Debug|Any CPU
		{3F65829D-31B0-458C-BF33-E33CDE4D2910}.Debug|Any CPU.Build.0 = Debug|Any CPU
		{3F65829D-31B0-458C-BF33-E33CDE4D2910}.Release|Any CPU.ActiveCfg = Release|Any CPU
		{3F65829D-31B0-458C-BF33-E33CDE4D2910}.Release|Any CPU.Build.0 = Release|Any CPU
		{F555ABEA-44AF-4F64-BCA7-796B48B9A1F4}.Debug|Any CPU.ActiveCfg = Debug|Any CPU
		{F555ABEA-44AF-4F64-BCA7-796B48B9A1F4}.Debug|Any CPU.Build.0 = Debug|Any CPU
		{F555ABEA-44AF-4F64-BCA7-796B48B9A1F4}.Release|Any CPU.ActiveCfg = Release|Any CPU
		{F555ABEA-44AF-4F64-BCA7-796B48B9A1F4}.Release|Any CPU.Build.0 = Release|Any CPU
		{1BBDDA5D-D46B-4E90-962E-5F4890E481C0}.Debug|Any CPU.ActiveCfg = Debug|Any CPU
		{1BBDDA5D-D46B-4E90-962E-5F4890E481C0}.Debug|Any CPU.Build.0 = Debug|Any CPU
		{1BBDDA5D-D46B-4E90-962E-5F4890E481C0}.Release|Any CPU.ActiveCfg = Release|Any CPU
		{1BBDDA5D-D46B-4E90-962E-5F4890E481C0}.Release|Any CPU.Build.0 = Release|Any CPU
		{ACB94884-888F-48ED-BE23-E31B7016821D}.Debug|Any CPU.ActiveCfg = Debug|Any CPU
		{ACB94884-888F-48ED-BE23-E31B7016821D}.Debug|Any CPU.Build.0 = Debug|Any CPU
		{ACB94884-888F-48ED-BE23-E31B7016821D}.Release|Any CPU.ActiveCfg = Release|Any CPU
		{ACB94884-888F-48ED-BE23-E31B7016821D}.Release|Any CPU.Build.0 = Release|Any CPU
	EndGlobalSection
	GlobalSection(SolutionProperties) = preSolution
		HideSolutionNode = FALSE
	EndGlobalSection
	GlobalSection(ExtensibilityGlobals) = postSolution
		SolutionGuid = {FC8FD536-C8A1-430B-9876-F6CC95D0495E}
	EndGlobalSection
EndGlobal
